// !$*UTF8*$!
{
	archiveVersion = 1;
	classes = {
	};
	objectVersion = 77;
	objects = {

/* Begin PBXBuildFile section */
		963240122E8D987C00C237CB /* FirebaseAnalytics in Frameworks */ = {isa = PBXBuildFile; productRef = 963240112E8D987C00C237CB /* FirebaseAnalytics */; };
		963240142E8D987C00C237CB /* FirebaseAuth in Frameworks */ = {isa = PBXBuildFile; productRef = 963240132E8D987C00C237CB /* FirebaseAuth */; };
		963240162E8D987C00C237CB /* FirebaseDatabase in Frameworks */ = {isa = PBXBuildFile; productRef = 963240152E8D987C00C237CB /* FirebaseDatabase */; };
		963240182E8D987C00C237CB /* FirebaseFirestore in Frameworks */ = {isa = PBXBuildFile; productRef = 963240172E8D987C00C237CB /* FirebaseFirestore */; };
/* End PBXBuildFile section */

/* Begin PBXContainerItemProxy section */
		96D9FABA2E8C39F800DF898A /* PBXContainerItemProxy */ = {
			isa = PBXContainerItemProxy;
			containerPortal = 96D9FAA42E8C39F600DF898A /* Project object */;
			proxyType = 1;
			remoteGlobalIDString = 96D9FAAB2E8C39F600DF898A;
			remoteInfo = Achiever;
		};
		96D9FAC42E8C39F800DF898A /* PBXContainerItemProxy */ = {
			isa = PBXContainerItemProxy;
			containerPortal = 96D9FAA42E8C39F600DF898A /* Project object */;
			proxyType = 1;
			remoteGlobalIDString = 96D9FAAB2E8C39F600DF898A;
			remoteInfo = Achiever;
		};
/* End PBXContainerItemProxy section */

/* Begin PBXFileReference section */
		96D9FAAC2E8C39F600DF898A /* Achiever.app */ = {isa = PBXFileReference; explicitFileType = wrapper.application; includeInIndex = 0; path = Achiever.app; sourceTree = BUILT_PRODUCTS_DIR; };
		96D9FAB92E8C39F800DF898A /* AchieverTests.xctest */ = {isa = PBXFileReference; explicitFileType = wrapper.cfbundle; includeInIndex = 0; path = AchieverTests.xctest; sourceTree = BUILT_PRODUCTS_DIR; };
		96D9FAC32E8C39F800DF898A /* AchieverUITests.xctest */ = {isa = PBXFileReference; explicitFileType = wrapper.cfbundle; includeInIndex = 0; path = AchieverUITests.xctest; sourceTree = BUILT_PRODUCTS_DIR; };
/* End PBXFileReference section */

/* Begin PBXFileSystemSynchronizedRootGroup section */
		96D9FAAE2E8C39F600DF898A /* Achiever */ = {
			isa = PBXFileSystemSynchronizedRootGroup;
			path = Achiever;
			sourceTree = "<group>";
		};
		96D9FABC2E8C39F800DF898A /* AchieverTests */ = {
			isa = PBXFileSystemSynchronizedRootGroup;
			path = AchieverTests;
			sourceTree = "<group>";
		};
		96D9FAC62E8C39F800DF898A /* AchieverUITests */ = {
			isa = PBXFileSystemSynchronizedRootGroup;
			path = AchieverUITests;
			sourceTree = "<group>";
		};
/* End PBXFileSystemSynchronizedRootGroup section */

/* Begin PBXFrameworksBuildPhase section */
		96D9FAA92E8C39F600DF898A /* Frameworks */ = {
			isa = PBXFrameworksBuildPhase;
			buildActionMask = 2147483647;
			files = (
				963240162E8D987C00C237CB /* FirebaseDatabase in Frameworks */,
				963240182E8D987C00C237CB /* FirebaseFirestore in Frameworks */,
				963240122E8D987C00C237CB /* FirebaseAnalytics in Frameworks */,
				963240142E8D987C00C237CB /* FirebaseAuth in Frameworks */,
			);
			runOnlyForDeploymentPostprocessing = 0;
		};
		96D9FAB62E8C39F800DF898A /* Frameworks */ = {
			isa = PBXFrameworksBuildPhase;
			buildActionMask = 2147483647;
			files = (
			);
			runOnlyForDeploymentPostprocessing = 0;
		};
		96D9FAC02E8C39F800DF898A /* Frameworks */ = {
			isa = PBXFrameworksBuildPhase;
			buildActionMask = 2147483647;
			files = (
			);
			runOnlyForDeploymentPostprocessing = 0;
		};
/* End PBXFrameworksBuildPhase section */

/* Begin PBXGroup section */
		96D9FAA32E8C39F600DF898A = {
			isa = PBXGroup;
			children = (
				96D9FAAE2E8C39F600DF898A /* Achiever */,
				96D9FABC2E8C39F800DF898A /* AchieverTests */,
				96D9FAC62E8C39F800DF898A /* AchieverUITests */,
				96D9FAAD2E8C39F600DF898A /* Products */,
			);
			sourceTree = "<group>";
		};
		96D9FAAD2E8C39F600DF898A /* Products */ = {
			isa = PBXGroup;
			children = (
				96D9FAAC2E8C39F600DF898A /* Achiever.app */,
				96D9FAB92E8C39F800DF898A /* AchieverTests.xctest */,
				96D9FAC32E8C39F800DF898A /* AchieverUITests.xctest */,
			);
			name = Products;
			sourceTree = "<group>";
		};
/* End PBXGroup section */

/* Begin PBXNativeTarget section */
		96D9FAAB2E8C39F600DF898A /* Achiever */ = {
			isa = PBXNativeTarget;
			buildConfigurationList = 96D9FACD2E8C39F800DF898A /* Build configuration list for PBXNativeTarget "Achiever" */;
			buildPhases = (
				96D9FAA82E8C39F600DF898A /* Sources */,
				96D9FAA92E8C39F600DF898A /* Frameworks */,
				96D9FAAA2E8C39F600DF898A /* Resources */,
			);
			buildRules = (
			);
			dependencies = (
			);
			fileSystemSynchronizedGroups = (
				96D9FAAE2E8C39F600DF898A /* Achiever */,
			);
			name = Achiever;
			packageProductDependencies = (
				963240112E8D987C00C237CB /* FirebaseAnalytics */,
				963240132E8D987C00C237CB /* FirebaseAuth */,
				963240152E8D987C00C237CB /* FirebaseDatabase */,
				963240172E8D987C00C237CB /* FirebaseFirestore */,
			);
			productName = Achiever;
			productReference = 96D9FAAC2E8C39F600DF898A /* Achiever.app */;
			productType = "com.apple.product-type.application";
		};
		96D9FAB82E8C39F800DF898A /* AchieverTests */ = {
			isa = PBXNativeTarget;
			buildConfigurationList = 96D9FAD02E8C39F800DF898A /* Build configuration list for PBXNativeTarget "AchieverTests" */;
			buildPhases = (
				96D9FAB52E8C39F800DF898A /* Sources */,
				96D9FAB62E8C39F800DF898A /* Frameworks */,
				96D9FAB72E8C39F800DF898A /* Resources */,
			);
			buildRules = (
			);
			dependencies = (
				96D9FABB2E8C39F800DF898A /* PBXTargetDependency */,
			);
			fileSystemSynchronizedGroups = (
				96D9FABC2E8C39F800DF898A /* AchieverTests */,
			);
			name = AchieverTests;
			packageProductDependencies = (
			);
			productName = AchieverTests;
			productReference = 96D9FAB92E8C39F800DF898A /* AchieverTests.xctest */;
			productType = "com.apple.product-type.bundle.unit-test";
		};
		96D9FAC22E8C39F800DF898A /* AchieverUITests */ = {
			isa = PBXNativeTarget;
			buildConfigurationList = 96D9FAD32E8C39F800DF898A /* Build configuration list for PBXNativeTarget "AchieverUITests" */;
			buildPhases = (
				96D9FABF2E8C39F800DF898A /* Sources */,
				96D9FAC02E8C39F800DF898A /* Frameworks */,
				96D9FAC12E8C39F800DF898A /* Resources */,
			);
			buildRules = (
			);
			dependencies = (
				96D9FAC52E8C39F800DF898A /* PBXTargetDependency */,
			);
			fileSystemSynchronizedGroups = (
				96D9FAC62E8C39F800DF898A /* AchieverUITests */,
			);
			name = AchieverUITests;
			packageProductDependencies = (
			);
			productName = AchieverUITests;
			productReference = 96D9FAC32E8C39F800DF898A /* AchieverUITests.xctest */;
			productType = "com.apple.product-type.bundle.ui-testing";
		};
/* End PBXNativeTarget section */

/* Begin PBXProject section */
		96D9FAA42E8C39F600DF898A /* Project object */ = {
			isa = PBXProject;
			attributes = {
				BuildIndependentTargetsInParallel = 1;
				LastSwiftUpdateCheck = 2600;
				LastUpgradeCheck = 2600;
				TargetAttributes = {
					96D9FAAB2E8C39F600DF898A = {
						CreatedOnToolsVersion = 26.0;
					};
					96D9FAB82E8C39F800DF898A = {
						CreatedOnToolsVersion = 26.0;
						TestTargetID = 96D9FAAB2E8C39F600DF898A;
					};
					96D9FAC22E8C39F800DF898A = {
						CreatedOnToolsVersion = 26.0;
						TestTargetID = 96D9FAAB2E8C39F600DF898A;
					};
				};
			};
			buildConfigurationList = 96D9FAA72E8C39F600DF898A /* Build configuration list for PBXProject "Achiever" */;
			developmentRegion = en;
			hasScannedForEncodings = 0;
			knownRegions = (
				en,
				Base,
			);
			mainGroup = 96D9FAA32E8C39F600DF898A;
			minimizedProjectReferenceProxies = 1;
			packageReferences = (
				963240102E8D987C00C237CB /* XCRemoteSwiftPackageReference "firebase-ios-sdk" */,
			);
			preferredProjectObjectVersion = 77;
			productRefGroup = 96D9FAAD2E8C39F600DF898A /* Products */;
			projectDirPath = "";
			projectRoot = "";
			targets = (
				96D9FAAB2E8C39F600DF898A /* Achiever */,
				96D9FAB82E8C39F800DF898A /* AchieverTests */,
				96D9FAC22E8C39F800DF898A /* AchieverUITests */,
			);
		};
/* End PBXProject section */

/* Begin PBXResourcesBuildPhase section */
		96D9FAAA2E8C39F600DF898A /* Resources */ = {
			isa = PBXResourcesBuildPhase;
			buildActionMask = 2147483647;
			files = (
			);
			runOnlyForDeploymentPostprocessing = 0;
		};
		96D9FAB72E8C39F800DF898A /* Resources */ = {
			isa = PBXResourcesBuildPhase;
			buildActionMask = 2147483647;
			files = (
			);
			runOnlyForDeploymentPostprocessing = 0;
		};
		96D9FAC12E8C39F800DF898A /* Resources */ = {
			isa = PBXResourcesBuildPhase;
			buildActionMask = 2147483647;
			files = (
			);
			runOnlyForDeploymentPostprocessing = 0;
		};
/* End PBXResourcesBuildPhase section */

/* Begin PBXSourcesBuildPhase section */
		96D9FAA82E8C39F600DF898A /* Sources */ = {
			isa = PBXSourcesBuildPhase;
			buildActionMask = 2147483647;
			files = (
			);
			runOnlyForDeploymentPostprocessing = 0;
		};
		96D9FAB52E8C39F800DF898A /* Sources */ = {
			isa = PBXSourcesBuildPhase;
			buildActionMask = 2147483647;
			files = (
			);
			runOnlyForDeploymentPostprocessing = 0;
		};
		96D9FABF2E8C39F800DF898A /* Sources */ = {
			isa = PBXSourcesBuildPhase;
			buildActionMask = 2147483647;
			files = (
			);
			runOnlyForDeploymentPostprocessing = 0;
		};
/* End PBXSourcesBuildPhase section */

/* Begin PBXTargetDependency section */
		96D9FABB2E8C39F800DF898A /* PBXTargetDependency */ = {
			isa = PBXTargetDependency;
			target = 96D9FAAB2E8C39F600DF898A /* Achiever */;
			targetProxy = 96D9FABA2E8C39F800DF898A /* PBXContainerItemProxy */;
		};
		96D9FAC52E8C39F800DF898A /* PBXTargetDependency */ = {
			isa = PBXTargetDependency;
			target = 96D9FAAB2E8C39F600DF898A /* Achiever */;
			targetProxy = 96D9FAC42E8C39F800DF898A /* PBXContainerItemProxy */;
		};
/* End PBXTargetDependency section */

/* Begin XCBuildConfiguration section */
		96D9FACB2E8C39F800DF898A /* Debug */ = {
			isa = XCBuildConfiguration;
			buildSettings = {
				ALWAYS_SEARCH_USER_PATHS = NO;
				ASSETCATALOG_COMPILER_GENERATE_SWIFT_ASSET_SYMBOL_EXTENSIONS = YES;
				CLANG_ANALYZER_NONNULL = YES;
				CLANG_ANALYZER_NUMBER_OBJECT_CONVERSION = YES_AGGRESSIVE;
				CLANG_CXX_LANGUAGE_STANDARD = "gnu++20";
				CLANG_ENABLE_MODULES = YES;
				CLANG_ENABLE_OBJC_ARC = YES;
				CLANG_ENABLE_OBJC_WEAK = YES;
				CLANG_WARN_BLOCK_CAPTURE_AUTORELEASING = YES;
				CLANG_WARN_BOOL_CONVERSION = YES;
				CLANG_WARN_COMMA = YES;
				CLANG_WARN_CONSTANT_CONVERSION = YES;
				CLANG_WARN_DEPRECATED_OBJC_IMPLEMENTATIONS = YES;
				CLANG_WARN_DIRECT_OBJC_ISA_USAGE = YES_ERROR;
				CLANG_WARN_DOCUMENTATION_COMMENTS = YES;
				CLANG_WARN_EMPTY_BODY = YES;
				CLANG_WARN_ENUM_CONVERSION = YES;
				CLANG_WARN_INFINITE_RECURSION = YES;
				CLANG_WARN_INT_CONVERSION = YES;
				CLANG_WARN_NON_LITERAL_NULL_CONVERSION = YES;
				CLANG_WARN_OBJC_IMPLICIT_RETAIN_SELF = YES;
				CLANG_WARN_OBJC_LITERAL_CONVERSION = YES;
				CLANG_WARN_OBJC_ROOT_CLASS = YES_ERROR;
				CLANG_WARN_QUOTED_INCLUDE_IN_FRAMEWORK_HEADER = YES;
				CLANG_WARN_RANGE_LOOP_ANALYSIS = YES;
				CLANG_WARN_STRICT_PROTOTYPES = YES;
				CLANG_WARN_SUSPICIOUS_MOVE = YES;
				CLANG_WARN_UNGUARDED_AVAILABILITY = YES_AGGRESSIVE;
				CLANG_WARN_UNREACHABLE_CODE = YES;
				CLANG_WARN__DUPLICATE_METHOD_MATCH = YES;
				COPY_PHASE_STRIP = NO;
				DEBUG_INFORMATION_FORMAT = dwarf;
				DEVELOPMENT_TEAM = B9T3566J33;
				ENABLE_STRICT_OBJC_MSGSEND = YES;
				ENABLE_TESTABILITY = YES;
				ENABLE_USER_SCRIPT_SANDBOXING = YES;
				GCC_C_LANGUAGE_STANDARD = gnu17;
				GCC_DYNAMIC_NO_PIC = NO;
				GCC_NO_COMMON_BLOCKS = YES;
				GCC_OPTIMIZATION_LEVEL = 0;
				GCC_PREPROCESSOR_DEFINITIONS = (
					"DEBUG=1",
					"$(inherited)",
				);
				GCC_WARN_64_TO_32_BIT_CONVERSION = YES;
				GCC_WARN_ABOUT_RETURN_TYPE = YES_ERROR;
				GCC_WARN_UNDECLARED_SELECTOR = YES;
				GCC_WARN_UNINITIALIZED_AUTOS = YES_AGGRESSIVE;
				GCC_WARN_UNUSED_FUNCTION = YES;
				GCC_WARN_UNUSED_VARIABLE = YES;
				IPHONEOS_DEPLOYMENT_TARGET = 26.0;
				LOCALIZATION_PREFERS_STRING_CATALOGS = YES;
				MTL_ENABLE_DEBUG_INFO = INCLUDE_SOURCE;
				MTL_FAST_MATH = YES;
				ONLY_ACTIVE_ARCH = YES;
				SDKROOT = iphoneos;
				SWIFT_ACTIVE_COMPILATION_CONDITIONS = "DEBUG $(inherited)";
				SWIFT_OPTIMIZATION_LEVEL = "-Onone";
			};
			name = Debug;
		};
		96D9FACC2E8C39F800DF898A /* Release */ = {
			isa = XCBuildConfiguration;
			buildSettings = {
				ALWAYS_SEARCH_USER_PATHS = NO;
				ASSETCATALOG_COMPILER_GENERATE_SWIFT_ASSET_SYMBOL_EXTENSIONS = YES;
				CLANG_ANALYZER_NONNULL = YES;
				CLANG_ANALYZER_NUMBER_OBJECT_CONVERSION = YES_AGGRESSIVE;
				CLANG_CXX_LANGUAGE_STANDARD = "gnu++20";
				CLANG_ENABLE_MODULES = YES;
				CLANG_ENABLE_OBJC_ARC = YES;
				CLANG_ENABLE_OBJC_WEAK = YES;
				CLANG_WARN_BLOCK_CAPTURE_AUTORELEASING = YES;
				CLANG_WARN_BOOL_CONVERSION = YES;
				CLANG_WARN_COMMA = YES;
				CLANG_WARN_CONSTANT_CONVERSION = YES;
				CLANG_WARN_DEPRECATED_OBJC_IMPLEMENTATIONS = YES;
				CLANG_WARN_DIRECT_OBJC_ISA_USAGE = YES_ERROR;
				CLANG_WARN_DOCUMENTATION_COMMENTS = YES;
				CLANG_WARN_EMPTY_BODY = YES;
				CLANG_WARN_ENUM_CONVERSION = YES;
				CLANG_WARN_INFINITE_RECURSION = YES;
				CLANG_WARN_INT_CONVERSION = YES;
				CLANG_WARN_NON_LITERAL_NULL_CONVERSION = YES;
				CLANG_WARN_OBJC_IMPLICIT_RETAIN_SELF = YES;
				CLANG_WARN_OBJC_LITERAL_CONVERSION = YES;
				CLANG_WARN_OBJC_ROOT_CLASS = YES_ERROR;
				CLANG_WARN_QUOTED_INCLUDE_IN_FRAMEWORK_HEADER = YES;
				CLANG_WARN_RANGE_LOOP_ANALYSIS = YES;
				CLANG_WARN_STRICT_PROTOTYPES = YES;
				CLANG_WARN_SUSPICIOUS_MOVE = YES;
				CLANG_WARN_UNGUARDED_AVAILABILITY = YES_AGGRESSIVE;
				CLANG_WARN_UNREACHABLE_CODE = YES;
				CLANG_WARN__DUPLICATE_METHOD_MATCH = YES;
				COPY_PHASE_STRIP = NO;
				DEBUG_INFORMATION_FORMAT = "dwarf-with-dsym";
				DEVELOPMENT_TEAM = B9T3566J33;
				ENABLE_NS_ASSERTIONS = NO;
				ENABLE_STRICT_OBJC_MSGSEND = YES;
				ENABLE_USER_SCRIPT_SANDBOXING = YES;
				GCC_C_LANGUAGE_STANDARD = gnu17;
				GCC_NO_COMMON_BLOCKS = YES;
				GCC_WARN_64_TO_32_BIT_CONVERSION = YES;
				GCC_WARN_ABOUT_RETURN_TYPE = YES_ERROR;
				GCC_WARN_UNDECLARED_SELECTOR = YES;
				GCC_WARN_UNINITIALIZED_AUTOS = YES_AGGRESSIVE;
				GCC_WARN_UNUSED_FUNCTION = YES;
				GCC_WARN_UNUSED_VARIABLE = YES;
				IPHONEOS_DEPLOYMENT_TARGET = 26.0;
				LOCALIZATION_PREFERS_STRING_CATALOGS = YES;
				MTL_ENABLE_DEBUG_INFO = NO;
				MTL_FAST_MATH = YES;
				SDKROOT = iphoneos;
				SWIFT_COMPILATION_MODE = wholemodule;
				VALIDATE_PRODUCT = YES;
			};
			name = Release;
		};
		96D9FACE2E8C39F800DF898A /* Debug */ = {
			isa = XCBuildConfiguration;
			buildSettings = {
				ASSETCATALOG_COMPILER_APPICON_NAME = AppIcon;
				ASSETCATALOG_COMPILER_GLOBAL_ACCENT_COLOR_NAME = AccentColor;
				CODE_SIGN_STYLE = Automatic;
				CURRENT_PROJECT_VERSION = 1;
				DEVELOPMENT_TEAM = B9T3566J33;
				ENABLE_PREVIEWS = YES;
				GENERATE_INFOPLIST_FILE = YES;
				INFOPLIST_KEY_UIApplicationSceneManifest_Generation = YES;
				INFOPLIST_KEY_UIApplicationSupportsIndirectInputEvents = YES;
				INFOPLIST_KEY_UILaunchScreen_Generation = YES;
				INFOPLIST_KEY_UISupportedInterfaceOrientations_iPad = "UIInterfaceOrientationPortrait UIInterfaceOrientationPortraitUpsideDown UIInterfaceOrientationLandscapeLeft UIInterfaceOrientationLandscapeRight";
				INFOPLIST_KEY_UISupportedInterfaceOrientations_iPhone = "UIInterfaceOrientationPortrait UIInterfaceOrientationLandscapeLeft UIInterfaceOrientationLandscapeRight";
				LD_RUNPATH_SEARCH_PATHS = (
					"$(inherited)",
					"@executable_path/Frameworks",
				);
				MARKETING_VERSION = 1.0;
				PRODUCT_BUNDLE_IDENTIFIER = projectflow.AchieverApp;
				PRODUCT_NAME = "$(TARGET_NAME)";
				STRING_CATALOG_GENERATE_SYMBOLS = YES;
				SWIFT_APPROACHABLE_CONCURRENCY = YES;
				SWIFT_DEFAULT_ACTOR_ISOLATION = MainActor;
				SWIFT_EMIT_LOC_STRINGS = YES;
				SWIFT_UPCOMING_FEATURE_MEMBER_IMPORT_VISIBILITY = YES;
				SWIFT_VERSION = 5.0;
				TARGETED_DEVICE_FAMILY = "1,2";
			};
			name = Debug;
		};
		96D9FACF2E8C39F800DF898A /* Release */ = {
			isa = XCBuildConfiguration;
			buildSettings = {
				ASSETCATALOG_COMPILER_APPICON_NAME = AppIcon;
				ASSETCATALOG_COMPILER_GLOBAL_ACCENT_COLOR_NAME = AccentColor;
				CODE_SIGN_STYLE = Automatic;
				CURRENT_PROJECT_VERSION = 1;
				DEVELOPMENT_TEAM = B9T3566J33;
				ENABLE_PREVIEWS = YES;
				GENERATE_INFOPLIST_FILE = YES;
				INFOPLIST_KEY_UIApplicationSceneManifest_Generation = YES;
				INFOPLIST_KEY_UIApplicationSupportsIndirectInputEvents = YES;
				INFOPLIST_KEY_UILaunchScreen_Generation = YES;
				INFOPLIST_KEY_UISupportedInterfaceOrientations_iPad = "UIInterfaceOrientationPortrait UIInterfaceOrientationPortraitUpsideDown UIInterfaceOrientationLandscapeLeft UIInterfaceOrientationLandscapeRight";
				INFOPLIST_KEY_UISupportedInterfaceOrientations_iPhone = "UIInterfaceOrientationPortrait UIInterfaceOrientationLandscapeLeft UIInterfaceOrientationLandscapeRight";
				LD_RUNPATH_SEARCH_PATHS = (
					"$(inherited)",
					"@executable_path/Frameworks",
				);
				MARKETING_VERSION = 1.0;
				PRODUCT_BUNDLE_IDENTIFIER = projectflow.AchieverApp;
				PRODUCT_NAME = "$(TARGET_NAME)";
				STRING_CATALOG_GENERATE_SYMBOLS = YES;
				SWIFT_APPROACHABLE_CONCURRENCY = YES;
				SWIFT_DEFAULT_ACTOR_ISOLATION = MainActor;
				SWIFT_EMIT_LOC_STRINGS = YES;
				SWIFT_UPCOMING_FEATURE_MEMBER_IMPORT_VISIBILITY = YES;
				SWIFT_VERSION = 5.0;
				TARGETED_DEVICE_FAMILY = "1,2";
			};
			name = Release;
		};
		96D9FAD12E8C39F800DF898A /* Debug */ = {
			isa = XCBuildConfiguration;
			buildSettings = {
				BUNDLE_LOADER = "$(TEST_HOST)";
				CODE_SIGN_STYLE = Automatic;
				CURRENT_PROJECT_VERSION = 1;
				DEVELOPMENT_TEAM = B9T3566J33;
				GENERATE_INFOPLIST_FILE = YES;
				IPHONEOS_DEPLOYMENT_TARGET = 26.0;
				MARKETING_VERSION = 1.0;
				PRODUCT_BUNDLE_IDENTIFIER = projectflow.AchieverTests;
				PRODUCT_NAME = "$(TARGET_NAME)";
				STRING_CATALOG_GENERATE_SYMBOLS = NO;
				SWIFT_APPROACHABLE_CONCURRENCY = YES;
				SWIFT_EMIT_LOC_STRINGS = NO;
				SWIFT_UPCOMING_FEATURE_MEMBER_IMPORT_VISIBILITY = YES;
				SWIFT_VERSION = 5.0;
				TARGETED_DEVICE_FAMILY = "1,2";
				TEST_HOST = "$(BUILT_PRODUCTS_DIR)/Achiever.app/$(BUNDLE_EXECUTABLE_FOLDER_PATH)/Achiever";
			};
			name = Debug;
		};
		96D9FAD22E8C39F800DF898A /* Release */ = {
			isa = XCBuildConfiguration;
			buildSettings = {
				BUNDLE_LOADER = "$(TEST_HOST)";
				CODE_SIGN_STYLE = Automatic;
				CURRENT_PROJECT_VERSION = 1;
				DEVELOPMENT_TEAM = B9T3566J33;
				GENERATE_INFOPLIST_FILE = YES;
				IPHONEOS_DEPLOYMENT_TARGET = 26.0;
				MARKETING_VERSION = 1.0;
				PRODUCT_BUNDLE_IDENTIFIER = projectflow.AchieverTests;
				PRODUCT_NAME = "$(TARGET_NAME)";
				STRING_CATALOG_GENERATE_SYMBOLS = NO;
				SWIFT_APPROACHABLE_CONCURRENCY = YES;
				SWIFT_EMIT_LOC_STRINGS = NO;
				SWIFT_UPCOMING_FEATURE_MEMBER_IMPORT_VISIBILITY = YES;
				SWIFT_VERSION = 5.0;
				TARGETED_DEVICE_FAMILY = "1,2";
				TEST_HOST = "$(BUILT_PRODUCTS_DIR)/Achiever.app/$(BUNDLE_EXECUTABLE_FOLDER_PATH)/Achiever";
			};
			name = Release;
		};
		96D9FAD42E8C39F800DF898A /* Debug */ = {
			isa = XCBuildConfiguration;
			buildSettings = {
				CODE_SIGN_STYLE = Automatic;
				CURRENT_PROJECT_VERSION = 1;
				DEVELOPMENT_TEAM = B9T3566J33;
				GENERATE_INFOPLIST_FILE = YES;
				MARKETING_VERSION = 1.0;
				PRODUCT_BUNDLE_IDENTIFIER = projectflow.AchieverUITests;
				PRODUCT_NAME = "$(TARGET_NAME)";
				STRING_CATALOG_GENERATE_SYMBOLS = NO;
				SWIFT_APPROACHABLE_CONCURRENCY = YES;
				SWIFT_EMIT_LOC_STRINGS = NO;
				SWIFT_UPCOMING_FEATURE_MEMBER_IMPORT_VISIBILITY = YES;
				SWIFT_VERSION = 5.0;
				TARGETED_DEVICE_FAMILY = "1,2";
				TEST_TARGET_NAME = Achiever;
			};
			name = Debug;
		};
		96D9FAD52E8C39F800DF898A /* Release */ = {
			isa = XCBuildConfiguration;
			buildSettings = {
				CODE_SIGN_STYLE = Automatic;
				CURRENT_PROJECT_VERSION = 1;
				DEVELOPMENT_TEAM = B9T3566J33;
				GENERATE_INFOPLIST_FILE = YES;
				MARKETING_VERSION = 1.0;
				PRODUCT_BUNDLE_IDENTIFIER = projectflow.AchieverUITests;
				PRODUCT_NAME = "$(TARGET_NAME)";
				STRING_CATALOG_GENERATE_SYMBOLS = NO;
				SWIFT_APPROACHABLE_CONCURRENCY = YES;
				SWIFT_EMIT_LOC_STRINGS = NO;
				SWIFT_UPCOMING_FEATURE_MEMBER_IMPORT_VISIBILITY = YES;
				SWIFT_VERSION = 5.0;
				TARGETED_DEVICE_FAMILY = "1,2";
				TEST_TARGET_NAME = Achiever;
			};
			name = Release;
		};
/* End XCBuildConfiguration section */

/* Begin XCConfigurationList section */
		96D9FAA72E8C39F600DF898A /* Build configuration list for PBXProject "Achiever" */ = {
			isa = XCConfigurationList;
			buildConfigurations = (
				96D9FACB2E8C39F800DF898A /* Debug */,
				96D9FACC2E8C39F800DF898A /* Release */,
			);
			defaultConfigurationIsVisible = 0;
			defaultConfigurationName = Release;
		};
		96D9FACD2E8C39F800DF898A /* Build configuration list for PBXNativeTarget "Achiever" */ = {
			isa = XCConfigurationList;
			buildConfigurations = (
				96D9FACE2E8C39F800DF898A /* Debug */,
				96D9FACF2E8C39F800DF898A /* Release */,
			);
			defaultConfigurationIsVisible = 0;
			defaultConfigurationName = Release;
		};
		96D9FAD02E8C39F800DF898A /* Build configuration list for PBXNativeTarget "AchieverTests" */ = {
			isa = XCConfigurationList;
			buildConfigurations = (
				96D9FAD12E8C39F800DF898A /* Debug */,
				96D9FAD22E8C39F800DF898A /* Release */,
			);
			defaultConfigurationIsVisible = 0;
			defaultConfigurationName = Release;
		};
		96D9FAD32E8C39F800DF898A /* Build configuration list for PBXNativeTarget "AchieverUITests" */ = {
			isa = XCConfigurationList;
			buildConfigurations = (
				96D9FAD42E8C39F800DF898A /* Debug */,
				96D9FAD52E8C39F800DF898A /* Release */,
			);
			defaultConfigurationIsVisible = 0;
			defaultConfigurationName = Release;
		};
/* End XCConfigurationList section */

/* Begin XCRemoteSwiftPackageReference section */
		963240102E8D987C00C237CB /* XCRemoteSwiftPackageReference "firebase-ios-sdk" */ = {
			isa = XCRemoteSwiftPackageReference;
			repositoryURL = "https://github.com/firebase/firebase-ios-sdk";
			requirement = {
				kind = upToNextMajorVersion;
				minimumVersion = 12.3.0;
			};
		};
/* End XCRemoteSwiftPackageReference section */

/* Begin XCSwiftPackageProductDependency section */
		963240112E8D987C00C237CB /* FirebaseAnalytics */ = {
			isa = XCSwiftPackageProductDependency;
			package = 963240102E8D987C00C237CB /* XCRemoteSwiftPackageReference "firebase-ios-sdk" */;
			productName = FirebaseAnalytics;
		};
		963240132E8D987C00C237CB /* FirebaseAuth */ = {
			isa = XCSwiftPackageProductDependency;
			package = 963240102E8D987C00C237CB /* XCRemoteSwiftPackageReference "firebase-ios-sdk" */;
			productName = FirebaseAuth;
		};
		963240152E8D987C00C237CB /* FirebaseDatabase */ = {
			isa = XCSwiftPackageProductDependency;
			package = 963240102E8D987C00C237CB /* XCRemoteSwiftPackageReference "firebase-ios-sdk" */;
			productName = FirebaseDatabase;
		};
		963240172E8D987C00C237CB /* FirebaseFirestore */ = {
			isa = XCSwiftPackageProductDependency;
			package = 963240102E8D987C00C237CB /* XCRemoteSwiftPackageReference "firebase-ios-sdk" */;
			productName = FirebaseFirestore;
		};
/* End XCSwiftPackageProductDependency section */
	};
	rootObject = 96D9FAA42E8C39F600DF898A /* Project object */;
}
